{
  "name": "grunt-demo",
  "version": "1.0.0",
  "description": "",
  "main": "index.js",
  "scripts": {
    "test": "echo \"Error: no test specified\" && exit 0"
  },
  "author": "guozijun",
  "license": "MIT",
  "homepage": "https://github.com/killallfive/grunt-demo#readme",
  "devDependencies": {
    "grunt": "^1.0.1",
    "grunt-htmlhint": "^0.9.13"
  }
}